
Microsoft Visual Studio Solution File, Format Version 12.00
# Visual Studio Version 17
VisualStudioVersion = 17.3.32714.290
MinimumVisualStudioVersion = 10.0.40219.1
Project("{FAE04EC0-301F-11D3-BF4B-00C04F79EFBC}") = "MultiRBX", "MultiRBX\MultiRBX.csproj", "{EE8B2B1D-D8BE-47E9-9A18-282528AC4048}"
EndProject
Global
	GlobalSection(SolutionConfigurationPlatforms) = preSolution
		Debug|Any CPU = Debug|Any CPU
		Release|Any CPU = Release|Any CPU
	EndGlobalSection
	GlobalSection(ProjectConfigurationPlatforms) = postSolution
		{EE8B2B1D-D8BE-47E9-9A18-282528AC4048}.Debug|Any CPU.ActiveCfg = Debug|Any CPU
		{EE8B2B1D-D8BE-47E9-9A18-282528AC4048}.Debug|Any CPU.Build.0 = Debug|Any CPU
		{EE8B2B1D-D8BE-47E9-9A18-282528AC4048}.Release|Any CPU.ActiveCfg = Release|Any CPU
		{EE8B2B1D-D8BE-47E9-9A18-282528AC4048}.Release|Any CPU.Build.0 = Release|Any CPU
	EndGlobalSection
	GlobalSection(SolutionProperties) = preSolution
		HideSolutionNode = FALSE
	EndGlobalSection
	GlobalSection(ExtensibilityGlobals) = postSolution
		SolutionGuid = {B858BEE7-962B-44CD-99B1-3CC5CEA46D30}
	EndGlobalSection
EndGlobal
